{
  "name": "nl.slg.tv.service",
  "version": "1.0.0",
  "lockfileVersion": 2,
  "requires": true,
  "packages": {
    "": {
      "name": "nl.slg.tv.service",
      "version": "1.0.0",
      "license": "BSD",
      "dependencies": {
        "mqtt": "^4.3.7"
      }
    },
    "node_modules/balanced-match": {
      "version": "1.0.2",
      "resolved": "https://pkgs.dev.azure.com/MaaS-platform/_packaging/MaaS-platform/npm/registry/balanced-match/-/balanced-match-1.0.2.tgz",
      "integrity": "sha1-6D46fj8wCzTLnYf2FfoMvzV2kO4=",
      "license": "MIT"
    },
    "node_modules/base64-js": {
      "version": "1.5.1",
      "resolved": "https://pkgs.dev.azure.com/MaaS-platform/_packaging/MaaS-platform/npm/registry/base64-js/-/base64-js-1.5.1.tgz",
      "integrity": "sha1-GxtEAWClv3rUC2UPCVljSBkDkwo=",
      "funding": [
        {
          "type": "github",
          "url": "https://github.com/sponsors/feross"
        },
        {
          "type": "patreon",
          "url": "https://www.patreon.com/feross"
        },
        {
          "type": "consulting",
          "url": "https://feross.org/support"
        }
      ],
      "license": "MIT"
    },
    "node_modules/bl": {
      "version": "4.1.0",
      "resolved": "https://pkgs.dev.azure.com/MaaS-platform/_packaging/MaaS-platform/npm/registry/bl/-/bl-4.1.0.tgz",
      "integrity": "sha1-RRU1JkGCvsL7vIOmKrmM8R2fezo=",
      "license": "MIT",
      "dependencies": {
        "buffer": "^5.5.0",
        "inherits": "^2.0.4",
        "readable-stream": "^3.4.0"
      }
    },
    "node_modules/brace-expansion": {
      "version": "1.1.11",
      "resolved": "https://pkgs.dev.azure.com/MaaS-platform/_packaging/MaaS-platform/npm/registry/brace-expansion/-/brace-expansion-1.1.11.tgz",
      "integrity": "sha1-PH/L9SnYcibz0vUrlm/1Jx60Qd0=",
      "license": "MIT",
      "dependencies": {
        "balanced-match": "^1.0.0",
        "concat-map": "0.0.1"
      }
    },
    "node_modules/buffer": {
      "version": "5.7.1",
      "resolved": "https://pkgs.dev.azure.com/MaaS-platform/_packaging/MaaS-platform/npm/registry/buffer/-/buffer-5.7.1.tgz",
      "integrity": "sha1-umLnwTEzBTWCGXFghRqPZI6Z7tA=",
      "funding": [
        {
          "type": "github",
          "url": "https://github.com/sponsors/feross"
        },
        {
          "type": "patreon",
          "url": "https://www.patreon.com/feross"
        },
        {
          "type": "consulting",
          "url": "https://feross.org/support"
        }
      ],
      "license": "MIT",
      "dependencies": {
        "base64-js": "^1.3.1",
        "ieee754": "^1.1.13"
      }
    },
    "node_modules/buffer-from": {
      "version": "1.1.2",
      "resolved": "https://pkgs.dev.azure.com/MaaS-platform/_packaging/MaaS-platform/npm/registry/buffer-from/-/buffer-from-1.1.2.tgz",
      "integrity": "sha1-KxRqb9cugLT1XSVfNe1Zo6mkG9U=",
      "license": "MIT"
    },
    "node_modules/commist": {
      "version": "1.1.0",
      "resolved": "https://pkgs.dev.azure.com/MaaS-platform/_packaging/MaaS-platform/npm/registry/commist/-/commist-1.1.0.tgz",
      "integrity": "sha1-F4EexpePbBXuTegMRcm+t3zuNdU=",
      "license": "MIT",
      "dependencies": {
        "leven": "^2.1.0",
        "minimist": "^1.1.0"
      }
    },
    "node_modules/concat-map": {
      "version": "0.0.1",
      "resolved": "https://pkgs.dev.azure.com/MaaS-platform/_packaging/MaaS-platform/npm/registry/concat-map/-/concat-map-0.0.1.tgz",
      "integrity": "sha1-2Klr13/Wjfd5OnMDajug1UBdR3s=",
      "license": "MIT"
    },
    "node_modules/concat-stream": {
      "version": "2.0.0",
      "resolved": "https://pkgs.dev.azure.com/MaaS-platform/_packaging/MaaS-platform/npm/registry/concat-stream/-/concat-stream-2.0.0.tgz",
      "integrity": "sha1-QUz1r3kKSMYKub5FJ9VtXkETPLE=",
      "engines": [
        "node >= 6.0"
      ],
      "license": "MIT",
      "dependencies": {
        "buffer-from": "^1.0.0",
        "inherits": "^2.0.3",
        "readable-stream": "^3.0.2",
        "typedarray": "^0.0.6"
      }
    },
    "node_modules/debug": {
      "version": "4.3.4",
      "resolved": "https://pkgs.dev.azure.com/MaaS-platform/_packaging/MaaS-platform/npm/registry/debug/-/debug-4.3.4.tgz",
      "integrity": "sha1-Exn2V5NX8jONMzfSzdSRS7XcyGU=",
      "license": "MIT",
      "dependencies": {
        "ms": "2.1.2"
      },
      "engines": {
        "node": ">=6.0"
      },
      "peerDependenciesMeta": {
        "supports-color": {
          "optional": true
        }
      }
    },
    "node_modules/duplexify": {
      "version": "4.1.2",
      "resolved": "https://pkgs.dev.azure.com/MaaS-platform/_packaging/MaaS-platform/npm/registry/duplexify/-/duplexify-4.1.2.tgz",
      "integrity": "sha1-GLT40oKJEy+guVc8iY2fkD+Bx7A=",
      "license": "MIT",
      "dependencies": {
        "end-of-stream": "^1.4.1",
        "inherits": "^2.0.3",
        "readable-stream": "^3.1.1",
        "stream-shift": "^1.0.0"
      }
    },
    "node_modules/end-of-stream": {
      "version": "1.4.4",
      "resolved": "https://pkgs.dev.azure.com/MaaS-platform/_packaging/MaaS-platform/npm/registry/end-of-stream/-/end-of-stream-1.4.4.tgz",
      "integrity": "sha1-WuZKX0UFe682JuwU2gyl5LJDHrA=",
      "license": "MIT",
      "dependencies": {
        "once": "^1.4.0"
      }
    },
    "node_modules/fs.realpath": {
      "version": "1.0.0",
      "resolved": "https://pkgs.dev.azure.com/MaaS-platform/_packaging/MaaS-platform/npm/registry/fs.realpath/-/fs.realpath-1.0.0.tgz",
      "integrity": "sha1-FQStJSMVjKpA20onh8sBQRmU6k8=",
      "license": "ISC"
    },
    "node_modules/glob": {
      "version": "7.2.0",
      "resolved": "https://pkgs.dev.azure.com/MaaS-platform/_packaging/MaaS-platform/npm/registry/glob/-/glob-7.2.0.tgz",
      "integrity": "sha1-0VU1r3cy4C6Uj0xBYovZECk/YCM=",
      "license": "ISC",
      "dependencies": {
        "fs.realpath": "^1.0.0",
        "inflight": "^1.0.4",
        "inherits": "2",
        "minimatch": "^3.0.4",
        "once": "^1.3.0",
        "path-is-absolute": "^1.0.0"
      },
      "engines": {
        "node": "*"
      },
      "funding": {
        "url": "https://github.com/sponsors/isaacs"
      }
    },
    "node_modules/help-me": {
      "version": "3.0.0",
      "resolved": "https://pkgs.dev.azure.com/MaaS-platform/_packaging/MaaS-platform/npm/registry/help-me/-/help-me-3.0.0.tgz",
      "integrity": "sha1-mAPIG180atK84sagugG4IlfTGeg=",
      "license": "MIT",
      "dependencies": {
        "glob": "^7.1.6",
        "readable-stream": "^3.6.0"
      }
    },
    "node_modules/ieee754": {
      "version": "1.2.1",
      "resolved": "https://pkgs.dev.azure.com/MaaS-platform/_packaging/MaaS-platform/npm/registry/ieee754/-/ieee754-1.2.1.tgz",
      "integrity": "sha1-jrehCmP/8l0VpXsAFYbRd9Gw01I=",
      "funding": [
        {
          "type": "github",
          "url": "https://github.com/sponsors/feross"
        },
        {
          "type": "patreon",
          "url": "https://www.patreon.com/feross"
        },
        {
          "type": "consulting",
          "url": "https://feross.org/support"
        }
      ],
      "license": "BSD-3-Clause"
    },
    "node_modules/inflight": {
      "version": "1.0.6",
      "resolved": "https://pkgs.dev.azure.com/MaaS-platform/_packaging/MaaS-platform/npm/registry/inflight/-/inflight-1.0.6.tgz",
      "integrity": "sha1-Sb1jMdfQLQwJvJEKEHW6gWW1bfk=",
      "license": "ISC",
      "dependencies": {
        "once": "^1.3.0",
        "wrappy": "1"
      }
    },
    "node_modules/inherits": {
      "version": "2.0.4",
      "resolved": "https://pkgs.dev.azure.com/MaaS-platform/_packaging/MaaS-platform/npm/registry/inherits/-/inherits-2.0.4.tgz",
      "integrity": "sha1-D6LGT5MpF8NDOg3tVTY6rjdBa3w=",
      "license": "ISC"
    },
    "node_modules/js-sdsl": {
      "version": "2.1.4",
      "resolved": "https://pkgs.dev.azure.com/MaaS-platform/_packaging/MaaS-platform/npm/registry/js-sdsl/-/js-sdsl-2.1.4.tgz",
      "integrity": "sha1-FvMaVswJ7FdyPgxHf9wH4dJSJic=",
      "license": "MIT"
    },
    "node_modules/leven": {
      "version": "2.1.0",
      "resolved": "https://pkgs.dev.azure.com/MaaS-platform/_packaging/MaaS-platform/npm/registry/leven/-/leven-2.1.0.tgz",
      "integrity": "sha1-wuep93IJTe6dNCAq6KzORoeHVYA=",
      "license": "MIT",
      "engines": {
        "node": ">=0.10.0"
      }
    },
    "node_modules/lru-cache": {
      "version": "6.0.0",
      "resolved": "https://pkgs.dev.azure.com/MaaS-platform/_packaging/MaaS-platform/npm/registry/lru-cache/-/lru-cache-6.0.0.tgz",
      "integrity": "sha1-bW/mVw69lqr5D8rR2vo7JWbbOpQ=",
      "license": "ISC",
      "dependencies": {
        "yallist": "^4.0.0"
      },
      "engines": {
        "node": ">=10"
      }
    },
    "node_modules/minimatch": {
      "version": "3.1.2",
      "resolved": "https://pkgs.dev.azure.com/MaaS-platform/_packaging/MaaS-platform/npm/registry/minimatch/-/minimatch-3.1.2.tgz",
      "integrity": "sha1-Gc0ZS/0+Qo8EmnCBfAONiatL41s=",
      "license": "ISC",
      "dependencies": {
        "brace-expansion": "^1.1.7"
      },
      "engines": {
        "node": "*"
      }
    },
    "node_modules/minimist": {
      "version": "1.2.6",
      "resolved": "https://pkgs.dev.azure.com/MaaS-platform/_packaging/MaaS-platform/npm/registry/minimist/-/minimist-1.2.6.tgz",
      "integrity": "sha1-hjelt1nqDW6YcCz7OpKDMjyTr0Q=",
      "license": "MIT"
    },
    "node_modules/mqtt": {
      "version": "4.3.7",
      "resolved": "https://pkgs.dev.azure.com/MaaS-platform/_packaging/MaaS-platform/npm/registry/mqtt/-/mqtt-4.3.7.tgz",
      "integrity": "sha1-QphcpJDqJdLBLBGdg8Yy223J1Yk=",
      "license": "MIT",
      "dependencies": {
        "commist": "^1.0.0",
        "concat-stream": "^2.0.0",
        "debug": "^4.1.1",
        "duplexify": "^4.1.1",
        "help-me": "^3.0.0",
        "inherits": "^2.0.3",
        "lru-cache": "^6.0.0",
        "minimist": "^1.2.5",
        "mqtt-packet": "^6.8.0",
        "number-allocator": "^1.0.9",
        "pump": "^3.0.0",
        "readable-stream": "^3.6.0",
        "reinterval": "^1.1.0",
        "rfdc": "^1.3.0",
        "split2": "^3.1.0",
        "ws": "^7.5.5",
        "xtend": "^4.0.2"
      },
      "bin": {
        "mqtt": "bin/mqtt.js",
        "mqtt_pub": "bin/pub.js",
        "mqtt_sub": "bin/sub.js"
      },
      "engines": {
        "node": ">=10.0.0"
      }
    },
    "node_modules/mqtt-packet": {
      "version": "6.10.0",
      "resolved": "https://pkgs.dev.azure.com/MaaS-platform/_packaging/MaaS-platform/npm/registry/mqtt-packet/-/mqtt-packet-6.10.0.tgz",
      "integrity": "sha1-yLUHgyxBUuPlEcDvoQSuSmTNQY8=",
      "license": "MIT",
      "dependencies": {
        "bl": "^4.0.2",
        "debug": "^4.1.1",
        "process-nextick-args": "^2.0.1"
      }
    },
    "node_modules/ms": {
      "version": "2.1.2",
      "resolved": "https://pkgs.dev.azure.com/MaaS-platform/_packaging/MaaS-platform/npm/registry/ms/-/ms-2.1.2.tgz",
      "integrity": "sha1-0J0fNXtEP0kzgqjrPM0YOHKuYAk=",
      "license": "MIT"
    },
    "node_modules/number-allocator": {
      "version": "1.0.10",
      "resolved": "https://pkgs.dev.azure.com/MaaS-platform/_packaging/MaaS-platform/npm/registry/number-allocator/-/number-allocator-1.0.10.tgz",
      "integrity": "sha1-78TGZeRb9g8K0XKsoVQOCTtSkug=",
      "license": "MIT",
      "dependencies": {
        "debug": "^4.3.1",
        "js-sdsl": "^2.1.2"
      }
    },
    "node_modules/once": {
      "version": "1.4.0",
      "resolved": "https://pkgs.dev.azure.com/MaaS-platform/_packaging/MaaS-platform/npm/registry/once/-/once-1.4.0.tgz",
      "integrity": "sha1-WDsap3WWHUsROsF9nFC6753Xa9E=",
      "license": "ISC",
      "dependencies": {
        "wrappy": "1"
      }
    },
    "node_modules/path-is-absolute": {
      "version": "1.0.1",
      "resolved": "https://pkgs.dev.azure.com/MaaS-platform/_packaging/MaaS-platform/npm/registry/path-is-absolute/-/path-is-absolute-1.0.1.tgz",
      "integrity": "sha1-F0uSaHNVNP+8es5r9TpanhtcX18=",
      "license": "MIT",
      "engines": {
        "node": ">=0.10.0"
      }
    },
    "node_modules/process-nextick-args": {
      "version": "2.0.1",
      "resolved": "https://pkgs.dev.azure.com/MaaS-platform/_packaging/MaaS-platform/npm/registry/process-nextick-args/-/process-nextick-args-2.0.1.tgz",
      "integrity": "sha1-eCDZsWEgzFXKmud5JoCufbptf+I=",
      "license": "MIT"
    },
    "node_modules/pump": {
      "version": "3.0.0",
      "resolved": "https://pkgs.dev.azure.com/MaaS-platform/_packaging/MaaS-platform/npm/registry/pump/-/pump-3.0.0.tgz",
      "integrity": "sha1-tKIRaBW94vTh6mAjVOjHVWUQemQ=",
      "license": "MIT",
      "dependencies": {
        "end-of-stream": "^1.1.0",
        "once": "^1.3.1"
      }
    },
    "node_modules/readable-stream": {
      "version": "3.6.0",
      "resolved": "https://pkgs.dev.azure.com/MaaS-platform/_packaging/MaaS-platform/npm/registry/readable-stream/-/readable-stream-3.6.0.tgz",
      "integrity": "sha1-M3u9o63AcGvT4CRCaihtS0sskZg=",
      "license": "MIT",
      "dependencies": {
        "inherits": "^2.0.3",
        "string_decoder": "^1.1.1",
        "util-deprecate": "^1.0.1"
      },
      "engines": {
        "node": ">= 6"
      }
    },
    "node_modules/reinterval": {
      "version": "1.1.0",
      "resolved": "https://pkgs.dev.azure.com/MaaS-platform/_packaging/MaaS-platform/npm/registry/reinterval/-/reinterval-1.1.0.tgz",
      "integrity": "sha1-M2Hs+jymwYKDOA3Qu5VG85D17Oc=",
      "license": "MIT"
    },
    "node_modules/rfdc": {
      "version": "1.3.0",
      "resolved": "https://pkgs.dev.azure.com/MaaS-platform/_packaging/MaaS-platform/npm/registry/rfdc/-/rfdc-1.3.0.tgz",
      "integrity": "sha1-0LfEQasnINBdxM8m4ByJYx2doIs=",
      "license": "MIT"
    },
    "node_modules/safe-buffer": {
      "version": "5.2.1",
      "resolved": "https://pkgs.dev.azure.com/MaaS-platform/_packaging/MaaS-platform/npm/registry/safe-buffer/-/safe-buffer-5.2.1.tgz",
      "integrity": "sha1-Hq+fqb2x/dTsdfWPnNtOa3gn7sY=",
      "funding": [
        {
          "type": "github",
          "url": "https://github.com/sponsors/feross"
        },
        {
          "type": "patreon",
          "url": "https://www.patreon.com/feross"
        },
        {
          "type": "consulting",
          "url": "https://feross.org/support"
        }
      ],
      "license": "MIT"
    },
    "node_modules/split2": {
      "version": "3.2.2",
      "resolved": "https://pkgs.dev.azure.com/MaaS-platform/_packaging/MaaS-platform/npm/registry/split2/-/split2-3.2.2.tgz",
      "integrity": "sha1-vyzyo32DgxLCSciSBv16F90SNl8=",
      "license": "ISC",
      "dependencies": {
        "readable-stream": "^3.0.0"
      }
    },
    "node_modules/stream-shift": {
      "version": "1.0.1",
      "resolved": "https://pkgs.dev.azure.com/MaaS-platform/_packaging/MaaS-platform/npm/registry/stream-shift/-/stream-shift-1.0.1.tgz",
      "integrity": "sha1-1wiCgVWasneEJCebCHfaPDktWj0=",
      "license": "MIT"
    },
    "node_modules/string_decoder": {
      "version": "1.3.0",
      "resolved": "https://pkgs.dev.azure.com/MaaS-platform/_packaging/MaaS-platform/npm/registry/string_decoder/-/string_decoder-1.3.0.tgz",
      "integrity": "sha1-QvEUWUpGzxqOMLCoT1bHjD7awh4=",
      "license": "MIT",
      "dependencies": {
        "safe-buffer": "~5.2.0"
      }
    },
    "node_modules/typedarray": {
      "version": "0.0.6",
      "resolved": "https://pkgs.dev.azure.com/MaaS-platform/_packaging/MaaS-platform/npm/registry/typedarray/-/typedarray-0.0.6.tgz",
      "integrity": "sha1-hnrHTjhkGHsdPUfZlqeOxciDB3c=",
      "license": "MIT"
    },
    "node_modules/util-deprecate": {
      "version": "1.0.2",
      "resolved": "https://pkgs.dev.azure.com/MaaS-platform/_packaging/MaaS-platform/npm/registry/util-deprecate/-/util-deprecate-1.0.2.tgz",
      "integrity": "sha1-RQ1Nyfpw3nMnYvvS1KKJgUGaDM8=",
      "license": "MIT"
    },
    "node_modules/wrappy": {
      "version": "1.0.2",
      "resolved": "https://pkgs.dev.azure.com/MaaS-platform/_packaging/MaaS-platform/npm/registry/wrappy/-/wrappy-1.0.2.tgz",
      "integrity": "sha1-tSQ9jz7BqjXxNkYFvA0QNuMKtp8=",
      "license": "ISC"
    },
    "node_modules/ws": {
      "version": "7.5.7",
      "resolved": "https://pkgs.dev.azure.com/MaaS-platform/_packaging/MaaS-platform/npm/registry/ws/-/ws-7.5.7.tgz",
      "integrity": "sha1-ngrHfuUK9w1YMm7P9+hes/o3Xmc=",
      "license": "MIT",
      "engines": {
        "node": ">=8.3.0"
      },
      "peerDependencies": {
        "bufferutil": "^4.0.1",
        "utf-8-validate": "^5.0.2"
      },
      "peerDependenciesMeta": {
        "bufferutil": {
          "optional": true
        },
        "utf-8-validate": {
          "optional": true
        }
      }
    },
    "node_modules/xtend": {
      "version": "4.0.2",
      "resolved": "https://pkgs.dev.azure.com/MaaS-platform/_packaging/MaaS-platform/npm/registry/xtend/-/xtend-4.0.2.tgz",
      "integrity": "sha1-u3J3n1+kZRhrH0OPZ0+jR/2121Q=",
      "license": "MIT",
      "engines": {
        "node": ">=0.4"
      }
    },
    "node_modules/yallist": {
      "version": "4.0.0",
      "resolved": "https://pkgs.dev.azure.com/MaaS-platform/_packaging/MaaS-platform/npm/registry/yallist/-/yallist-4.0.0.tgz",
      "integrity": "sha1-m7knkNnA7/7GO+c1GeEaNQGaOnI=",
      "license": "ISC"
    }
  },
  "dependencies": {
    "balanced-match": {
      "version": "1.0.2",
      "resolved": "https://pkgs.dev.azure.com/MaaS-platform/_packaging/MaaS-platform/npm/registry/balanced-match/-/balanced-match-1.0.2.tgz",
      "integrity": "sha1-6D46fj8wCzTLnYf2FfoMvzV2kO4="
    },
    "base64-js": {
      "version": "1.5.1",
      "resolved": "https://pkgs.dev.azure.com/MaaS-platform/_packaging/MaaS-platform/npm/registry/base64-js/-/base64-js-1.5.1.tgz",
      "integrity": "sha1-GxtEAWClv3rUC2UPCVljSBkDkwo="
    },
    "bl": {
      "version": "4.1.0",
      "resolved": "https://pkgs.dev.azure.com/MaaS-platform/_packaging/MaaS-platform/npm/registry/bl/-/bl-4.1.0.tgz",
      "integrity": "sha1-RRU1JkGCvsL7vIOmKrmM8R2fezo=",
      "requires": {
        "buffer": "^5.5.0",
        "inherits": "^2.0.4",
        "readable-stream": "^3.4.0"
      }
    },
    "brace-expansion": {
      "version": "1.1.11",
      "resolved": "https://pkgs.dev.azure.com/MaaS-platform/_packaging/MaaS-platform/npm/registry/brace-expansion/-/brace-expansion-1.1.11.tgz",
      "integrity": "sha1-PH/L9SnYcibz0vUrlm/1Jx60Qd0=",
      "requires": {
        "balanced-match": "^1.0.0",
        "concat-map": "0.0.1"
      }
    },
    "buffer": {
      "version": "5.7.1",
      "resolved": "https://pkgs.dev.azure.com/MaaS-platform/_packaging/MaaS-platform/npm/registry/buffer/-/buffer-5.7.1.tgz",
      "integrity": "sha1-umLnwTEzBTWCGXFghRqPZI6Z7tA=",
      "requires": {
        "base64-js": "^1.3.1",
        "ieee754": "^1.1.13"
      }
    },
    "buffer-from": {
      "version": "1.1.2",
      "resolved": "https://pkgs.dev.azure.com/MaaS-platform/_packaging/MaaS-platform/npm/registry/buffer-from/-/buffer-from-1.1.2.tgz",
      "integrity": "sha1-KxRqb9cugLT1XSVfNe1Zo6mkG9U="
    },
    "commist": {
      "version": "1.1.0",
      "resolved": "https://pkgs.dev.azure.com/MaaS-platform/_packaging/MaaS-platform/npm/registry/commist/-/commist-1.1.0.tgz",
      "integrity": "sha1-F4EexpePbBXuTegMRcm+t3zuNdU=",
      "requires": {
        "leven": "^2.1.0",
        "minimist": "^1.1.0"
      }
    },
    "concat-map": {
      "version": "0.0.1",
      "resolved": "https://pkgs.dev.azure.com/MaaS-platform/_packaging/MaaS-platform/npm/registry/concat-map/-/concat-map-0.0.1.tgz",
      "integrity": "sha1-2Klr13/Wjfd5OnMDajug1UBdR3s="
    },
    "concat-stream": {
      "version": "2.0.0",
      "resolved": "https://pkgs.dev.azure.com/MaaS-platform/_packaging/MaaS-platform/npm/registry/concat-stream/-/concat-stream-2.0.0.tgz",
      "integrity": "sha1-QUz1r3kKSMYKub5FJ9VtXkETPLE=",
      "requires": {
        "buffer-from": "^1.0.0",
        "inherits": "^2.0.3",
        "readable-stream": "^3.0.2",
        "typedarray": "^0.0.6"
      }
    },
    "debug": {
      "version": "4.3.4",
      "resolved": "https://pkgs.dev.azure.com/MaaS-platform/_packaging/MaaS-platform/npm/registry/debug/-/debug-4.3.4.tgz",
      "integrity": "sha1-Exn2V5NX8jONMzfSzdSRS7XcyGU=",
      "requires": {
        "ms": "2.1.2"
      }
    },
    "duplexify": {
      "version": "4.1.2",
      "resolved": "https://pkgs.dev.azure.com/MaaS-platform/_packaging/MaaS-platform/npm/registry/duplexify/-/duplexify-4.1.2.tgz",
      "integrity": "sha1-GLT40oKJEy+guVc8iY2fkD+Bx7A=",
      "requires": {
        "end-of-stream": "^1.4.1",
        "inherits": "^2.0.3",
        "readable-stream": "^3.1.1",
        "stream-shift": "^1.0.0"
      }
    },
    "end-of-stream": {
      "version": "1.4.4",
      "resolved": "https://pkgs.dev.azure.com/MaaS-platform/_packaging/MaaS-platform/npm/registry/end-of-stream/-/end-of-stream-1.4.4.tgz",
      "integrity": "sha1-WuZKX0UFe682JuwU2gyl5LJDHrA=",
      "requires": {
        "once": "^1.4.0"
      }
    },
    "fs.realpath": {
      "version": "1.0.0",
      "resolved": "https://pkgs.dev.azure.com/MaaS-platform/_packaging/MaaS-platform/npm/registry/fs.realpath/-/fs.realpath-1.0.0.tgz",
      "integrity": "sha1-FQStJSMVjKpA20onh8sBQRmU6k8="
    },
    "glob": {
      "version": "7.2.0",
      "resolved": "https://pkgs.dev.azure.com/MaaS-platform/_packaging/MaaS-platform/npm/registry/glob/-/glob-7.2.0.tgz",
      "integrity": "sha1-0VU1r3cy4C6Uj0xBYovZECk/YCM=",
      "requires": {
        "fs.realpath": "^1.0.0",
        "inflight": "^1.0.4",
        "inherits": "2",
        "minimatch": "^3.0.4",
        "once": "^1.3.0",
        "path-is-absolute": "^1.0.0"
      }
    },
    "help-me": {
      "version": "3.0.0",
      "resolved": "https://pkgs.dev.azure.com/MaaS-platform/_packaging/MaaS-platform/npm/registry/help-me/-/help-me-3.0.0.tgz",
      "integrity": "sha1-mAPIG180atK84sagugG4IlfTGeg=",
      "requires": {
        "glob": "^7.1.6",
        "readable-stream": "^3.6.0"
      }
    },
    "ieee754": {
      "version": "1.2.1",
      "resolved": "https://pkgs.dev.azure.com/MaaS-platform/_packaging/MaaS-platform/npm/registry/ieee754/-/ieee754-1.2.1.tgz",
      "integrity": "sha1-jrehCmP/8l0VpXsAFYbRd9Gw01I="
    },
    "inflight": {
      "version": "1.0.6",
      "resolved": "https://pkgs.dev.azure.com/MaaS-platform/_packaging/MaaS-platform/npm/registry/inflight/-/inflight-1.0.6.tgz",
      "integrity": "sha1-Sb1jMdfQLQwJvJEKEHW6gWW1bfk=",
      "requires": {
        "once": "^1.3.0",
        "wrappy": "1"
      }
    },
    "inherits": {
      "version": "2.0.4",
      "resolved": "https://pkgs.dev.azure.com/MaaS-platform/_packaging/MaaS-platform/npm/registry/inherits/-/inherits-2.0.4.tgz",
      "integrity": "sha1-D6LGT5MpF8NDOg3tVTY6rjdBa3w="
    },
    "js-sdsl": {
      "version": "2.1.4",
      "resolved": "https://pkgs.dev.azure.com/MaaS-platform/_packaging/MaaS-platform/npm/registry/js-sdsl/-/js-sdsl-2.1.4.tgz",
      "integrity": "sha1-FvMaVswJ7FdyPgxHf9wH4dJSJic="
    },
    "leven": {
      "version": "2.1.0",
      "resolved": "https://pkgs.dev.azure.com/MaaS-platform/_packaging/MaaS-platform/npm/registry/leven/-/leven-2.1.0.tgz",
      "integrity": "sha1-wuep93IJTe6dNCAq6KzORoeHVYA="
    },
    "lru-cache": {
      "version": "6.0.0",
      "resolved": "https://pkgs.dev.azure.com/MaaS-platform/_packaging/MaaS-platform/npm/registry/lru-cache/-/lru-cache-6.0.0.tgz",
      "integrity": "sha1-bW/mVw69lqr5D8rR2vo7JWbbOpQ=",
      "requires": {
        "yallist": "^4.0.0"
      }
    },
    "minimatch": {
      "version": "3.1.2",
      "resolved": "https://pkgs.dev.azure.com/MaaS-platform/_packaging/MaaS-platform/npm/registry/minimatch/-/minimatch-3.1.2.tgz",
      "integrity": "sha1-Gc0ZS/0+Qo8EmnCBfAONiatL41s=",
      "requires": {
        "brace-expansion": "^1.1.7"
      }
    },
    "minimist": {
      "version": "1.2.6",
      "resolved": "https://pkgs.dev.azure.com/MaaS-platform/_packaging/MaaS-platform/npm/registry/minimist/-/minimist-1.2.6.tgz",
      "integrity": "sha1-hjelt1nqDW6YcCz7OpKDMjyTr0Q="
    },
    "mqtt": {
      "version": "4.3.7",
      "resolved": "https://pkgs.dev.azure.com/MaaS-platform/_packaging/MaaS-platform/npm/registry/mqtt/-/mqtt-4.3.7.tgz",
      "integrity": "sha1-QphcpJDqJdLBLBGdg8Yy223J1Yk=",
      "requires": {
        "commist": "^1.0.0",
        "concat-stream": "^2.0.0",
        "debug": "^4.1.1",
        "duplexify": "^4.1.1",
        "help-me": "^3.0.0",
        "inherits": "^2.0.3",
        "lru-cache": "^6.0.0",
        "minimist": "^1.2.5",
        "mqtt-packet": "^6.8.0",
        "number-allocator": "^1.0.9",
        "pump": "^3.0.0",
        "readable-stream": "^3.6.0",
        "reinterval": "^1.1.0",
        "rfdc": "^1.3.0",
        "split2": "^3.1.0",
        "ws": "^7.5.5",
        "xtend": "^4.0.2"
      }
    },
    "mqtt-packet": {
      "version": "6.10.0",
      "resolved": "https://pkgs.dev.azure.com/MaaS-platform/_packaging/MaaS-platform/npm/registry/mqtt-packet/-/mqtt-packet-6.10.0.tgz",
      "integrity": "sha1-yLUHgyxBUuPlEcDvoQSuSmTNQY8=",
      "requires": {
        "bl": "^4.0.2",
        "debug": "^4.1.1",
        "process-nextick-args": "^2.0.1"
      }
    },
    "ms": {
      "version": "2.1.2",
      "resolved": "https://pkgs.dev.azure.com/MaaS-platform/_packaging/MaaS-platform/npm/registry/ms/-/ms-2.1.2.tgz",
      "integrity": "sha1-0J0fNXtEP0kzgqjrPM0YOHKuYAk="
    },
    "number-allocator": {
      "version": "1.0.10",
      "resolved": "https://pkgs.dev.azure.com/MaaS-platform/_packaging/MaaS-platform/npm/registry/number-allocator/-/number-allocator-1.0.10.tgz",
      "integrity": "sha1-78TGZeRb9g8K0XKsoVQOCTtSkug=",
      "requires": {
        "debug": "^4.3.1",
        "js-sdsl": "^2.1.2"
      }
    },
    "once": {
      "version": "1.4.0",
      "resolved": "https://pkgs.dev.azure.com/MaaS-platform/_packaging/MaaS-platform/npm/registry/once/-/once-1.4.0.tgz",
      "integrity": "sha1-WDsap3WWHUsROsF9nFC6753Xa9E=",
      "requires": {
        "wrappy": "1"
      }
    },
    "path-is-absolute": {
      "version": "1.0.1",
      "resolved": "https://pkgs.dev.azure.com/MaaS-platform/_packaging/MaaS-platform/npm/registry/path-is-absolute/-/path-is-absolute-1.0.1.tgz",
      "integrity": "sha1-F0uSaHNVNP+8es5r9TpanhtcX18="
    },
    "process-nextick-args": {
      "version": "2.0.1",
      "resolved": "https://pkgs.dev.azure.com/MaaS-platform/_packaging/MaaS-platform/npm/registry/process-nextick-args/-/process-nextick-args-2.0.1.tgz",
      "integrity": "sha1-eCDZsWEgzFXKmud5JoCufbptf+I="
    },
    "pump": {
      "version": "3.0.0",
      "resolved": "https://pkgs.dev.azure.com/MaaS-platform/_packaging/MaaS-platform/npm/registry/pump/-/pump-3.0.0.tgz",
      "integrity": "sha1-tKIRaBW94vTh6mAjVOjHVWUQemQ=",
      "requires": {
        "end-of-stream": "^1.1.0",
        "once": "^1.3.1"
      }
    },
    "readable-stream": {
      "version": "3.6.0",
      "resolved": "https://pkgs.dev.azure.com/MaaS-platform/_packaging/MaaS-platform/npm/registry/readable-stream/-/readable-stream-3.6.0.tgz",
      "integrity": "sha1-M3u9o63AcGvT4CRCaihtS0sskZg=",
      "requires": {
        "inherits": "^2.0.3",
        "string_decoder": "^1.1.1",
        "util-deprecate": "^1.0.1"
      }
    },
    "reinterval": {
      "version": "1.1.0",
      "resolved": "https://pkgs.dev.azure.com/MaaS-platform/_packaging/MaaS-platform/npm/registry/reinterval/-/reinterval-1.1.0.tgz",
      "integrity": "sha1-M2Hs+jymwYKDOA3Qu5VG85D17Oc="
    },
    "rfdc": {
      "version": "1.3.0",
      "resolved": "https://pkgs.dev.azure.com/MaaS-platform/_packaging/MaaS-platform/npm/registry/rfdc/-/rfdc-1.3.0.tgz",
      "integrity": "sha1-0LfEQasnINBdxM8m4ByJYx2doIs="
    },
    "safe-buffer": {
      "version": "5.2.1",
      "resolved": "https://pkgs.dev.azure.com/MaaS-platform/_packaging/MaaS-platform/npm/registry/safe-buffer/-/safe-buffer-5.2.1.tgz",
      "integrity": "sha1-Hq+fqb2x/dTsdfWPnNtOa3gn7sY="
    },
    "split2": {
      "version": "3.2.2",
      "resolved": "https://pkgs.dev.azure.com/MaaS-platform/_packaging/MaaS-platform/npm/registry/split2/-/split2-3.2.2.tgz",
      "integrity": "sha1-vyzyo32DgxLCSciSBv16F90SNl8=",
      "requires": {
        "readable-stream": "^3.0.0"
      }
    },
    "stream-shift": {
      "version": "1.0.1",
      "resolved": "https://pkgs.dev.azure.com/MaaS-platform/_packaging/MaaS-platform/npm/registry/stream-shift/-/stream-shift-1.0.1.tgz",
      "integrity": "sha1-1wiCgVWasneEJCebCHfaPDktWj0="
    },
    "string_decoder": {
      "version": "1.3.0",
      "resolved": "https://pkgs.dev.azure.com/MaaS-platform/_packaging/MaaS-platform/npm/registry/string_decoder/-/string_decoder-1.3.0.tgz",
      "integrity": "sha1-QvEUWUpGzxqOMLCoT1bHjD7awh4=",
      "requires": {
        "safe-buffer": "~5.2.0"
      }
    },
    "typedarray": {
      "version": "0.0.6",
      "resolved": "https://pkgs.dev.azure.com/MaaS-platform/_packaging/MaaS-platform/npm/registry/typedarray/-/typedarray-0.0.6.tgz",
      "integrity": "sha1-hnrHTjhkGHsdPUfZlqeOxciDB3c="
    },
    "util-deprecate": {
      "version": "1.0.2",
      "resolved": "https://pkgs.dev.azure.com/MaaS-platform/_packaging/MaaS-platform/npm/registry/util-deprecate/-/util-deprecate-1.0.2.tgz",
      "integrity": "sha1-RQ1Nyfpw3nMnYvvS1KKJgUGaDM8="
    },
    "wrappy": {
      "version": "1.0.2",
      "resolved": "https://pkgs.dev.azure.com/MaaS-platform/_packaging/MaaS-platform/npm/registry/wrappy/-/wrappy-1.0.2.tgz",
      "integrity": "sha1-tSQ9jz7BqjXxNkYFvA0QNuMKtp8="
    },
    "ws": {
      "version": "7.5.7",
      "resolved": "https://pkgs.dev.azure.com/MaaS-platform/_packaging/MaaS-platform/npm/registry/ws/-/ws-7.5.7.tgz",
      "integrity": "sha1-ngrHfuUK9w1YMm7P9+hes/o3Xmc=",
      "requires": {}
    },
    "xtend": {
      "version": "4.0.2",
      "resolved": "https://pkgs.dev.azure.com/MaaS-platform/_packaging/MaaS-platform/npm/registry/xtend/-/xtend-4.0.2.tgz",
      "integrity": "sha1-u3J3n1+kZRhrH0OPZ0+jR/2121Q="
    },
    "yallist": {
      "version": "4.0.0",
      "resolved": "https://pkgs.dev.azure.com/MaaS-platform/_packaging/MaaS-platform/npm/registry/yallist/-/yallist-4.0.0.tgz",
      "integrity": "sha1-m7knkNnA7/7GO+c1GeEaNQGaOnI="
    }
  }
}
